# Generated by move; do not edit
# This file should be checked in.

[move]
version = 4

[pinned.testnet.MoveStdlib]
source = { git = "https://github.com/MystenLabs/sui.git", subdir = "crates/sui-framework/packages/move-stdlib", rev = "072a2111619715c3348d1b83c0526c3bcfa5cdd1" }
use_environment = "testnet"
manifest_digest = "C4FE4C91DE74CBF223B2E380AE40F592177D21870DC2D7EB6227D2D694E05363"
deps = {}

[pinned.testnet.Sui]
source = { git = "https://github.com/MystenLabs/sui.git", subdir = "crates/sui-framework/packages/sui-framework", rev = "072a2111619715c3348d1b83c0526c3bcfa5cdd1" }
use_environment = "testnet"
manifest_digest = "7AFB66695545775FBFBB2D3078ADFD084244D5002392E837FDE21D9EA1C6D01C"
deps = { MoveStdlib = "MoveStdlib" }

[pinned.testnet.eve_integration]
source = { root = true }
use_environment = "testnet"
manifest_digest = "8048501AF5DD7297E72DC018EE8A26BBFC12D09F29212F36F0194627031F3E53"
deps = { Sui = "Sui", industrial_core = "industrial_core", marketplace = "marketplace", work_order = "work_order" }

[pinned.testnet.industrial_core]
source = { local = "../industrial_core" }
use_environment = "testnet"
manifest_digest = "E77E4A10DD9D0EABD593E9143B5DAB045A0156D3D515B90B57EC906D8E4E99C0"
deps = { Sui = "Sui" }

[pinned.testnet.marketplace]
source = { local = "../marketplace" }
use_environment = "testnet"
manifest_digest = "C4533B3E9B29554E4422E481DA26585054E831646B007013A28A054FCB5F356B"
deps = { Sui = "Sui", industrial_core = "industrial_core" }

[pinned.testnet.work_order]
source = { local = "../work_order" }
use_environment = "testnet"
manifest_digest = "C4533B3E9B29554E4422E481DA26585054E831646B007013A28A054FCB5F356B"
deps = { Sui = "Sui", industrial_core = "industrial_core" }
